
Microsoft Visual Studio Solution File, Format Version 12.00
# Visual Studio Version 16
VisualStudioVersion = 16.0.29411.138
MinimumVisualStudioVersion = 10.0.40219.1
Project("{9A19103F-16F7-4668-BE54-9A1E7A4F7556}") = "api", "api\api.csproj", "{07E91C7F-276A-4AEB-9168-9EB3762BDB7C}"
EndProject
Project("{9A19103F-16F7-4668-BE54-9A1E7A4F7556}") = "console", "console\console.csproj", "{D9D5D9F7-0FD1-49C9-8128-FD35CA9B2676}"
EndProject
Project("{9A19103F-16F7-4668-BE54-9A1E7A4F7556}") = "utils", "utils\utils.csproj", "{A2AF9ADC-F8D1-4589-BC93-5BAC765A2A57}"
EndProject
Project("{FAE04EC0-301F-11D3-BF4B-00C04F79EFBC}") = "sample_software", "sample_software\sample_software.csproj", "{1612E570-65C7-4EE0-970B-038CD54753EB}"
EndProject
Global
	GlobalSection(SolutionConfigurationPlatforms) = preSolution
		Debug|Any CPU = Debug|Any CPU
		Release|Any CPU = Release|Any CPU
	EndGlobalSection
	GlobalSection(ProjectConfigurationPlatforms) = postSolution
		{07E91C7F-276A-4AEB-9168-9EB3762BDB7C}.Debug|Any CPU.ActiveCfg = Debug|Any CPU
		{07E91C7F-276A-4AEB-9168-9EB3762BDB7C}.Debug|Any CPU.Build.0 = Debug|Any CPU
		{07E91C7F-276A-4AEB-9168-9EB3762BDB7C}.Release|Any CPU.ActiveCfg = Release|Any CPU
		{07E91C7F-276A-4AEB-9168-9EB3762BDB7C}.Release|Any CPU.Build.0 = Release|Any CPU
		{D9D5D9F7-0FD1-49C9-8128-FD35CA9B2676}.Debug|Any CPU.ActiveCfg = Debug|Any CPU
		{D9D5D9F7-0FD1-49C9-8128-FD35CA9B2676}.Debug|Any CPU.Build.0 = Debug|Any CPU
		{D9D5D9F7-0FD1-49C9-8128-FD35CA9B2676}.Release|Any CPU.ActiveCfg = Release|Any CPU
		{D9D5D9F7-0FD1-49C9-8128-FD35CA9B2676}.Release|Any CPU.Build.0 = Release|Any CPU
		{A2AF9ADC-F8D1-4589-BC93-5BAC765A2A57}.Debug|Any CPU.ActiveCfg = Debug|Any CPU
		{A2AF9ADC-F8D1-4589-BC93-5BAC765A2A57}.Debug|Any CPU.Build.0 = Debug|Any CPU
		{A2AF9ADC-F8D1-4589-BC93-5BAC765A2A57}.Release|Any CPU.ActiveCfg = Release|Any CPU
		{A2AF9ADC-F8D1-4589-BC93-5BAC765A2A57}.Release|Any CPU.Build.0 = Release|Any CPU
		{1612E570-65C7-4EE0-970B-038CD54753EB}.Debug|Any CPU.ActiveCfg = Debug|Any CPU
		{1612E570-65C7-4EE0-970B-038CD54753EB}.Debug|Any CPU.Build.0 = Debug|Any CPU
		{1612E570-65C7-4EE0-970B-038CD54753EB}.Release|Any CPU.ActiveCfg = Release|Any CPU
		{1612E570-65C7-4EE0-970B-038CD54753EB}.Release|Any CPU.Build.0 = Release|Any CPU
	EndGlobalSection
	GlobalSection(SolutionProperties) = preSolution
		HideSolutionNode = FALSE
	EndGlobalSection
	GlobalSection(ExtensibilityGlobals) = postSolution
		SolutionGuid = {07A4D9CD-0CFC-439A-9295-54EA15635C94}
	EndGlobalSection
EndGlobal
